// !$*UTF8*$!
{
	archiveVersion = 1;
	classes = {
	};
	objectVersion = 46;
	objects = {

/* Begin PBXBuildFile section */
		5D98DACE9F3D48C8DD001AA1 /* Pods_Giraffe.framework in Frameworks */ = {isa = PBXBuildFile; fileRef = 6B8406E3F387AFD8E16C99A2 /* Pods_Giraffe.framework */; };
		8F09F4FE1DB210A60028C61D /* MapKit.framework in Frameworks */ = {isa = PBXBuildFile; fileRef = 8F09F4FD1DB210A60028C61D /* MapKit.framework */; };
		8F09F5241DB24AD30028C61D /* SWRevealViewController.m in Sources */ = {isa = PBXBuildFile; fileRef = 8F09F5171DB24AD30028C61D /* SWRevealViewController.m */; };
		8F09F5251DB24AD30028C61D /* BaseRevealViewController.swift in Sources */ = {isa = PBXBuildFile; fileRef = 8F09F5191DB24AD30028C61D /* BaseRevealViewController.swift */; };
		8F09F5261DB24AD30028C61D /* MainViewController.swift in Sources */ = {isa = PBXBuildFile; fileRef = 8F09F51A1DB24AD30028C61D /* MainViewController.swift */; };
		8F09F5271DB24AD30028C61D /* Utilites.swift in Sources */ = {isa = PBXBuildFile; fileRef = 8F09F51B1DB24AD30028C61D /* Utilites.swift */; };
		8F09F5281DB24AD30028C61D /* MapViewController.swift in Sources */ = {isa = PBXBuildFile; fileRef = 8F09F51D1DB24AD30028C61D /* MapViewController.swift */; };
		8F09F5291DB24AD30028C61D /* MenuController.swift in Sources */ = {isa = PBXBuildFile; fileRef = 8F09F51E1DB24AD30028C61D /* MenuController.swift */; };
		8F09F52A1DB24AD30028C61D /* NewsTableViewCell.swift in Sources */ = {isa = PBXBuildFile; fileRef = 8F09F51F1DB24AD30028C61D /* NewsTableViewCell.swift */; };
		8F09F52B1DB24AD30028C61D /* NewsTableViewController.swift in Sources */ = {isa = PBXBuildFile; fileRef = 8F09F5201DB24AD30028C61D /* NewsTableViewController.swift */; };
		8F09F52C1DB24AD30028C61D /* PhotoViewController.swift in Sources */ = {isa = PBXBuildFile; fileRef = 8F09F5211DB24AD30028C61D /* PhotoViewController.swift */; };
		8F09F52D1DB24AD30028C61D /* QRViewController.swift in Sources */ = {isa = PBXBuildFile; fileRef = 8F09F5221DB24AD30028C61D /* QRViewController.swift */; };
		8F09F52E1DB24AD30028C61D /* SettingsViewController.swift in Sources */ = {isa = PBXBuildFile; fileRef = 8F09F5231DB24AD30028C61D /* SettingsViewController.swift */; };
		8FCA1A301DB1A3AB000DC195 /* AppDelegate.swift in Sources */ = {isa = PBXBuildFile; fileRef = 8FCA1A2F1DB1A3AB000DC195 /* AppDelegate.swift */; };
		8FCA1A351DB1A3AB000DC195 /* Main.storyboard in Resources */ = {isa = PBXBuildFile; fileRef = 8FCA1A331DB1A3AB000DC195 /* Main.storyboard */; };
		8FCA1A371DB1A3AB000DC195 /* Assets.xcassets in Resources */ = {isa = PBXBuildFile; fileRef = 8FCA1A361DB1A3AB000DC195 /* Assets.xcassets */; };
		8FCA1A3A1DB1A3AB000DC195 /* LaunchScreen.storyboard in Resources */ = {isa = PBXBuildFile; fileRef = 8FCA1A381DB1A3AB000DC195 /* LaunchScreen.storyboard */; };
		8FE38F7E1DB2768F00EB9B47 /* MainMenuCell.swift in Sources */ = {isa = PBXBuildFile; fileRef = 8FE38F7D1DB2768F00EB9B47 /* MainMenuCell.swift */; };
		8FE38F801DB2830E00EB9B47 /* LoginViewController.swift in Sources */ = {isa = PBXBuildFile; fileRef = 8FE38F7F1DB2830E00EB9B47 /* LoginViewController.swift */; };
		8FE38F821DB2844100EB9B47 /* MainFabric.swift in Sources */ = {isa = PBXBuildFile; fileRef = 8FE38F811DB2844100EB9B47 /* MainFabric.swift */; };
		8FE38F861DB298DE00EB9B47 /* Constants.swift in Sources */ = {isa = PBXBuildFile; fileRef = 8FE38F851DB298DE00EB9B47 /* Constants.swift */; };
		8FE38F881DB2996300EB9B47 /* UserInfoCell.swift in Sources */ = {isa = PBXBuildFile; fileRef = 8FE38F871DB2996300EB9B47 /* UserInfoCell.swift */; };
/* End PBXBuildFile section */

/* Begin PBXFileReference section */
		6B8406E3F387AFD8E16C99A2 /* Pods_Giraffe.framework */ = {isa = PBXFileReference; explicitFileType = wrapper.framework; includeInIndex = 0; path = Pods_Giraffe.framework; sourceTree = BUILT_PRODUCTS_DIR; };
		8F09F4FD1DB210A60028C61D /* MapKit.framework */ = {isa = PBXFileReference; lastKnownFileType = wrapper.framework; name = MapKit.framework; path = System/Library/Frameworks/MapKit.framework; sourceTree = SDKROOT; };
		8F09F5161DB24AD30028C61D /* SWRevealViewController.h */ = {isa = PBXFileReference; fileEncoding = 4; lastKnownFileType = sourcecode.c.h; path = SWRevealViewController.h; sourceTree = "<group>"; };
		8F09F5171DB24AD30028C61D /* SWRevealViewController.m */ = {isa = PBXFileReference; fileEncoding = 4; lastKnownFileType = sourcecode.c.objc; path = SWRevealViewController.m; sourceTree = "<group>"; };
		8F09F5191DB24AD30028C61D /* BaseRevealViewController.swift */ = {isa = PBXFileReference; fileEncoding = 4; lastKnownFileType = sourcecode.swift; path = BaseRevealViewController.swift; sourceTree = "<group>"; };
		8F09F51A1DB24AD30028C61D /* MainViewController.swift */ = {isa = PBXFileReference; fileEncoding = 4; lastKnownFileType = sourcecode.swift; path = MainViewController.swift; sourceTree = "<group>"; };
		8F09F51B1DB24AD30028C61D /* Utilites.swift */ = {isa = PBXFileReference; fileEncoding = 4; lastKnownFileType = sourcecode.swift; path = Utilites.swift; sourceTree = "<group>"; };
		8F09F51D1DB24AD30028C61D /* MapViewController.swift */ = {isa = PBXFileReference; fileEncoding = 4; lastKnownFileType = sourcecode.swift; path = MapViewController.swift; sourceTree = "<group>"; };
		8F09F51E1DB24AD30028C61D /* MenuController.swift */ = {isa = PBXFileReference; fileEncoding = 4; lastKnownFileType = sourcecode.swift; name = MenuController.swift; path = ../ViewController/MenuController.swift; sourceTree = "<group>"; };
		8F09F51F1DB24AD30028C61D /* NewsTableViewCell.swift */ = {isa = PBXFileReference; fileEncoding = 4; lastKnownFileType = sourcecode.swift; name = NewsTableViewCell.swift; path = ViewController/NewsTableViewCell.swift; sourceTree = "<group>"; };
		8F09F5201DB24AD30028C61D /* NewsTableViewController.swift */ = {isa = PBXFileReference; fileEncoding = 4; lastKnownFileType = sourcecode.swift; path = NewsTableViewController.swift; sourceTree = "<group>"; };
		8F09F5211DB24AD30028C61D /* PhotoViewController.swift */ = {isa = PBXFileReference; fileEncoding = 4; lastKnownFileType = sourcecode.swift; path = PhotoViewController.swift; sourceTree = "<group>"; };
		8F09F5221DB24AD30028C61D /* QRViewController.swift */ = {isa = PBXFileReference; fileEncoding = 4; lastKnownFileType = sourcecode.swift; path = QRViewController.swift; sourceTree = "<group>"; };
		8F09F5231DB24AD30028C61D /* SettingsViewController.swift */ = {isa = PBXFileReference; fileEncoding = 4; lastKnownFileType = sourcecode.swift; path = SettingsViewController.swift; sourceTree = "<group>"; };
		8FCA1A2C1DB1A3AB000DC195 /* Giraffe.app */ = {isa = PBXFileReference; explicitFileType = wrapper.application; includeInIndex = 0; path = Giraffe.app; sourceTree = BUILT_PRODUCTS_DIR; };
		8FCA1A2F1DB1A3AB000DC195 /* AppDelegate.swift */ = {isa = PBXFileReference; lastKnownFileType = sourcecode.swift; path = AppDelegate.swift; sourceTree = "<group>"; };
		8FCA1A341DB1A3AB000DC195 /* Base */ = {isa = PBXFileReference; lastKnownFileType = file.storyboard; name = Base; path = Base.lproj/Main.storyboard; sourceTree = "<group>"; };
		8FCA1A361DB1A3AB000DC195 /* Assets.xcassets */ = {isa = PBXFileReference; lastKnownFileType = folder.assetcatalog; path = Assets.xcassets; sourceTree = "<group>"; };
		8FCA1A391DB1A3AB000DC195 /* Base */ = {isa = PBXFileReference; lastKnownFileType = file.storyboard; name = Base; path = Base.lproj/LaunchScreen.storyboard; sourceTree = "<group>"; };
		8FCA1A3B1DB1A3AB000DC195 /* Info.plist */ = {isa = PBXFileReference; lastKnownFileType = text.plist.xml; path = Info.plist; sourceTree = "<group>"; };
		8FCA1A411DB1A3D0000DC195 /* Giraffe-Bridging-Header.h */ = {isa = PBXFileReference; lastKnownFileType = sourcecode.c.h; path = "Giraffe-Bridging-Header.h"; sourceTree = "<group>"; };
		8FE38F7D1DB2768F00EB9B47 /* MainMenuCell.swift */ = {isa = PBXFileReference; fileEncoding = 4; lastKnownFileType = sourcecode.swift; path = MainMenuCell.swift; sourceTree = "<group>"; };
		8FE38F7F1DB2830E00EB9B47 /* LoginViewController.swift */ = {isa = PBXFileReference; fileEncoding = 4; lastKnownFileType = sourcecode.swift; path = LoginViewController.swift; sourceTree = "<group>"; };
		8FE38F811DB2844100EB9B47 /* MainFabric.swift */ = {isa = PBXFileReference; fileEncoding = 4; lastKnownFileType = sourcecode.swift; path = MainFabric.swift; sourceTree = "<group>"; };
		8FE38F851DB298DE00EB9B47 /* Constants.swift */ = {isa = PBXFileReference; fileEncoding = 4; lastKnownFileType = sourcecode.swift; path = Constants.swift; sourceTree = "<group>"; };
		8FE38F871DB2996300EB9B47 /* UserInfoCell.swift */ = {isa = PBXFileReference; fileEncoding = 4; lastKnownFileType = sourcecode.swift; path = UserInfoCell.swift; sourceTree = "<group>"; };
		9757B71E694D00165C6461A5 /* Pods-Giraffe.debug.xcconfig */ = {isa = PBXFileReference; includeInIndex = 1; lastKnownFileType = text.xcconfig; name = "Pods-Giraffe.debug.xcconfig"; path = "Pods/Target Support Files/Pods-Giraffe/Pods-Giraffe.debug.xcconfig"; sourceTree = "<group>"; };
		A013546D92992A7789B41577 /* Pods-Giraffe.release.xcconfig */ = {isa = PBXFileReference; includeInIndex = 1; lastKnownFileType = text.xcconfig; name = "Pods-Giraffe.release.xcconfig"; path = "Pods/Target Support Files/Pods-Giraffe/Pods-Giraffe.release.xcconfig"; sourceTree = "<group>"; };
/* End PBXFileReference section */

/* Begin PBXFrameworksBuildPhase section */
		8FCA1A291DB1A3AB000DC195 /* Frameworks */ = {
			isa = PBXFrameworksBuildPhase;
			buildActionMask = 2147483647;
			files = (
				8F09F4FE1DB210A60028C61D /* MapKit.framework in Frameworks */,
				5D98DACE9F3D48C8DD001AA1 /* Pods_Giraffe.framework in Frameworks */,
			);
			runOnlyForDeploymentPostprocessing = 0;
		};
/* End PBXFrameworksBuildPhase section */

/* Begin PBXGroup section */
		8F09F4FC1DB210A60028C61D /* Frameworks */ = {
			isa = PBXGroup;
			children = (
				8F09F4FD1DB210A60028C61D /* MapKit.framework */,
				6B8406E3F387AFD8E16C99A2 /* Pods_Giraffe.framework */,
			);
			name = Frameworks;
			sourceTree = "<group>";
		};
		8F09F5151DB24AD30028C61D /* 3rd Part */ = {
			isa = PBXGroup;
			children = (
				8F09F5161DB24AD30028C61D /* SWRevealViewController.h */,
				8F09F5171DB24AD30028C61D /* SWRevealViewController.m */,
			);
			path = "3rd Part";
			sourceTree = "<group>";
		};
		8F09F5181DB24AD30028C61D /* Base */ = {
			isa = PBXGroup;
			children = (
				8F09F5191DB24AD30028C61D /* BaseRevealViewController.swift */,
				8F09F51E1DB24AD30028C61D /* MenuController.swift */,
				8F09F51A1DB24AD30028C61D /* MainViewController.swift */,
			);
			path = Base;
			sourceTree = "<group>";
		};
		8F09F51C1DB24AD30028C61D /* ViewController */ = {
			isa = PBXGroup;
			children = (
				8F09F51D1DB24AD30028C61D /* MapViewController.swift */,
				8F09F5201DB24AD30028C61D /* NewsTableViewController.swift */,
				8FE38F7F1DB2830E00EB9B47 /* LoginViewController.swift */,
				8F09F5211DB24AD30028C61D /* PhotoViewController.swift */,
				8F09F5221DB24AD30028C61D /* QRViewController.swift */,
				8F09F5231DB24AD30028C61D /* SettingsViewController.swift */,
			);
			path = ViewController;
			sourceTree = "<group>";
		};
		8FCA1A231DB1A3AB000DC195 = {
			isa = PBXGroup;
			children = (
				8FCA1A2E1DB1A3AB000DC195 /* Giraffe */,
				8FCA1A2D1DB1A3AB000DC195 /* Products */,
				8FCA1A411DB1A3D0000DC195 /* Giraffe-Bridging-Header.h */,
				8F09F4FC1DB210A60028C61D /* Frameworks */,
				DB858153A3C70EB0E760DCB4 /* Pods */,
			);
			sourceTree = "<group>";
		};
		8FCA1A2D1DB1A3AB000DC195 /* Products */ = {
			isa = PBXGroup;
			children = (
				8FCA1A2C1DB1A3AB000DC195 /* Giraffe.app */,
			);
			name = Products;
			sourceTree = "<group>";
		};
		8FCA1A2E1DB1A3AB000DC195 /* Giraffe */ = {
			isa = PBXGroup;
			children = (
				8FCA1A2F1DB1A3AB000DC195 /* AppDelegate.swift */,
				8F09F5151DB24AD30028C61D /* 3rd Part */,
				8FE38F7C1DB2765500EB9B47 /* Cells */,
				8F09F5181DB24AD30028C61D /* Base */,
				8F09F51C1DB24AD30028C61D /* ViewController */,
				8F09F51B1DB24AD30028C61D /* Utilites.swift */,
				8FE38F811DB2844100EB9B47 /* MainFabric.swift */,
				8FE38F851DB298DE00EB9B47 /* Constants.swift */,
				8FCA1A361DB1A3AB000DC195 /* Assets.xcassets */,
				8FCA1A331DB1A3AB000DC195 /* Main.storyboard */,
				8FCA1A381DB1A3AB000DC195 /* LaunchScreen.storyboard */,
				8FCA1A3B1DB1A3AB000DC195 /* Info.plist */,
			);
			path = Giraffe;
			sourceTree = "<group>";
		};
		8FE38F7C1DB2765500EB9B47 /* Cells */ = {
			isa = PBXGroup;
			children = (
				8F09F51F1DB24AD30028C61D /* NewsTableViewCell.swift */,
				8FE38F7D1DB2768F00EB9B47 /* MainMenuCell.swift */,
				8FE38F871DB2996300EB9B47 /* UserInfoCell.swift */,
			);
			name = Cells;
			sourceTree = "<group>";
		};
		DB858153A3C70EB0E760DCB4 /* Pods */ = {
			isa = PBXGroup;
			children = (
				9757B71E694D00165C6461A5 /* Pods-Giraffe.debug.xcconfig */,
				A013546D92992A7789B41577 /* Pods-Giraffe.release.xcconfig */,
			);
			name = Pods;
			sourceTree = "<group>";
		};
/* End PBXGroup section */

/* Begin PBXNativeTarget section */
		8FCA1A2B1DB1A3AB000DC195 /* Giraffe */ = {
			isa = PBXNativeTarget;
			buildConfigurationList = 8FCA1A3E1DB1A3AB000DC195 /* Build configuration list for PBXNativeTarget "Giraffe" */;
			buildPhases = (
				39E7C72C3B70E64C6E8ED2F2 /* [CP] Check Pods Manifest.lock */,
				8FCA1A281DB1A3AB000DC195 /* Sources */,
				8FCA1A291DB1A3AB000DC195 /* Frameworks */,
				8FCA1A2A1DB1A3AB000DC195 /* Resources */,
				28217CC5D9EBDACE3C699FED /* [CP] Embed Pods Frameworks */,
				1AD0C4806947CB1C6F87173C /* [CP] Copy Pods Resources */,
			);
			buildRules = (
			);
			dependencies = (
			);
			name = Giraffe;
			productName = Giraffe;
			productReference = 8FCA1A2C1DB1A3AB000DC195 /* Giraffe.app */;
			productType = "com.apple.product-type.application";
		};
/* End PBXNativeTarget section */

/* Begin PBXProject section */
		8FCA1A241DB1A3AB000DC195 /* Project object */ = {
			isa = PBXProject;
			attributes = {
				LastSwiftUpdateCheck = 0810;
				LastUpgradeCheck = 0810;
				ORGANIZATIONNAME = ROKO;
				TargetAttributes = {
					8FCA1A2B1DB1A3AB000DC195 = {
						CreatedOnToolsVersion = 8.1;
						DevelopmentTeam = CHQZVY32S2;
						LastSwiftMigration = 0810;
						ProvisioningStyle = Automatic;
					};
				};
			};
			buildConfigurationList = 8FCA1A271DB1A3AB000DC195 /* Build configuration list for PBXProject "Giraffe" */;
			compatibilityVersion = "Xcode 3.2";
			developmentRegion = English;
			hasScannedForEncodings = 0;
			knownRegions = (
				en,
				Base,
			);
			mainGroup = 8FCA1A231DB1A3AB000DC195;
			productRefGroup = 8FCA1A2D1DB1A3AB000DC195 /* Products */;
			projectDirPath = "";
			projectRoot = "";
			targets = (
				8FCA1A2B1DB1A3AB000DC195 /* Giraffe */,
			);
		};
/* End PBXProject section */

/* Begin PBXResourcesBuildPhase section */
		8FCA1A2A1DB1A3AB000DC195 /* Resources */ = {
			isa = PBXResourcesBuildPhase;
			buildActionMask = 2147483647;
			files = (
				8FCA1A3A1DB1A3AB000DC195 /* LaunchScreen.storyboard in Resources */,
				8FCA1A371DB1A3AB000DC195 /* Assets.xcassets in Resources */,
				8FCA1A351DB1A3AB000DC195 /* Main.storyboard in Resources */,
			);
			runOnlyForDeploymentPostprocessing = 0;
		};
/* End PBXResourcesBuildPhase section */

/* Begin PBXShellScriptBuildPhase section */
		1AD0C4806947CB1C6F87173C /* [CP] Copy Pods Resources */ = {
			isa = PBXShellScriptBuildPhase;
			buildActionMask = 2147483647;
			files = (
			);
			inputPaths = (
			);
			name = "[CP] Copy Pods Resources";
			outputPaths = (
			);
			runOnlyForDeploymentPostprocessing = 0;
			shellPath = /bin/sh;
			shellScript = "\"${SRCROOT}/Pods/Target Support Files/Pods-Giraffe/Pods-Giraffe-resources.sh\"\n";
			showEnvVarsInLog = 0;
		};
		28217CC5D9EBDACE3C699FED /* [CP] Embed Pods Frameworks */ = {
			isa = PBXShellScriptBuildPhase;
			buildActionMask = 2147483647;
			files = (
			);
			inputPaths = (
			);
			name = "[CP] Embed Pods Frameworks";
			outputPaths = (
			);
			runOnlyForDeploymentPostprocessing = 0;
			shellPath = /bin/sh;
			shellScript = "\"${SRCROOT}/Pods/Target Support Files/Pods-Giraffe/Pods-Giraffe-frameworks.sh\"\n";
			showEnvVarsInLog = 0;
		};
		39E7C72C3B70E64C6E8ED2F2 /* [CP] Check Pods Manifest.lock */ = {
			isa = PBXShellScriptBuildPhase;
			buildActionMask = 2147483647;
			files = (
			);
			inputPaths = (
			);
			name = "[CP] Check Pods Manifest.lock";
			outputPaths = (
			);
			runOnlyForDeploymentPostprocessing = 0;
			shellPath = /bin/sh;
			shellScript = "diff \"${PODS_ROOT}/../Podfile.lock\" \"${PODS_ROOT}/Manifest.lock\" > /dev/null\nif [ $? != 0 ] ; then\n    # print error to STDERR\n    echo \"error: The sandbox is not in sync with the Podfile.lock. Run 'pod install' or update your CocoaPods installation.\" >&2\n    exit 1\nfi\n";
			showEnvVarsInLog = 0;
		};
/* End PBXShellScriptBuildPhase section */

/* Begin PBXSourcesBuildPhase section */
		8FCA1A281DB1A3AB000DC195 /* Sources */ = {
			isa = PBXSourcesBuildPhase;
			buildActionMask = 2147483647;
			files = (
				8FE38F801DB2830E00EB9B47 /* LoginViewController.swift in Sources */,
				8F09F5291DB24AD30028C61D /* MenuController.swift in Sources */,
				8FE38F7E1DB2768F00EB9B47 /* MainMenuCell.swift in Sources */,
				8F09F5261DB24AD30028C61D /* MainViewController.swift in Sources */,
				8FCA1A301DB1A3AB000DC195 /* AppDelegate.swift in Sources */,
				8F09F5251DB24AD30028C61D /* BaseRevealViewController.swift in Sources */,
				8F09F5271DB24AD30028C61D /* Utilites.swift in Sources */,
				8FE38F861DB298DE00EB9B47 /* Constants.swift in Sources */,
				8F09F5241DB24AD30028C61D /* SWRevealViewController.m in Sources */,
				8FE38F821DB2844100EB9B47 /* MainFabric.swift in Sources */,
				8F09F5281DB24AD30028C61D /* MapViewController.swift in Sources */,
				8F09F52B1DB24AD30028C61D /* NewsTableViewController.swift in Sources */,
				8F09F52A1DB24AD30028C61D /* NewsTableViewCell.swift in Sources */,
				8FE38F881DB2996300EB9B47 /* UserInfoCell.swift in Sources */,
				8F09F52E1DB24AD30028C61D /* SettingsViewController.swift in Sources */,
				8F09F52C1DB24AD30028C61D /* PhotoViewController.swift in Sources */,
				8F09F52D1DB24AD30028C61D /* QRViewController.swift in Sources */,
			);
			runOnlyForDeploymentPostprocessing = 0;
		};
/* End PBXSourcesBuildPhase section */

/* Begin PBXVariantGroup section */
		8FCA1A331DB1A3AB000DC195 /* Main.storyboard */ = {
			isa = PBXVariantGroup;
			children = (
				8FCA1A341DB1A3AB000DC195 /* Base */,
			);
			name = Main.storyboard;
			sourceTree = "<group>";
		};
		8FCA1A381DB1A3AB000DC195 /* LaunchScreen.storyboard */ = {
			isa = PBXVariantGroup;
			children = (
				8FCA1A391DB1A3AB000DC195 /* Base */,
			);
			name = LaunchScreen.storyboard;
			sourceTree = "<group>";
		};
/* End PBXVariantGroup section */

/* Begin XCBuildConfiguration section */
		8FCA1A3C1DB1A3AB000DC195 /* Debug */ = {
			isa = XCBuildConfiguration;
			buildSettings = {
				ALWAYS_SEARCH_USER_PATHS = NO;
				CLANG_ANALYZER_NONNULL = YES;
				CLANG_CXX_LANGUAGE_STANDARD = "gnu++0x";
				CLANG_CXX_LIBRARY = "libc++";
				CLANG_ENABLE_MODULES = YES;
				CLANG_ENABLE_OBJC_ARC = YES;
				CLANG_WARN_BOOL_CONVERSION = YES;
				CLANG_WARN_CONSTANT_CONVERSION = YES;
				CLANG_WARN_DIRECT_OBJC_ISA_USAGE = YES_ERROR;
				CLANG_WARN_DOCUMENTATION_COMMENTS = YES;
				CLANG_WARN_EMPTY_BODY = YES;
				CLANG_WARN_ENUM_CONVERSION = YES;
				CLANG_WARN_INFINITE_RECURSION = YES;
				CLANG_WARN_INT_CONVERSION = YES;
				CLANG_WARN_OBJC_ROOT_CLASS = YES_ERROR;
				CLANG_WARN_SUSPICIOUS_MOVES = YES;
				CLANG_WARN_UNREACHABLE_CODE = YES;
				CLANG_WARN__DUPLICATE_METHOD_MATCH = YES;
				"CODE_SIGN_IDENTITY[sdk=iphoneos*]" = "iPhone Developer";
				COPY_PHASE_STRIP = NO;
				DEBUG_INFORMATION_FORMAT = dwarf;
				ENABLE_STRICT_OBJC_MSGSEND = YES;
				ENABLE_TESTABILITY = YES;
				GCC_C_LANGUAGE_STANDARD = gnu99;
				GCC_DYNAMIC_NO_PIC = NO;
				GCC_NO_COMMON_BLOCKS = YES;
				GCC_OPTIMIZATION_LEVEL = 0;
				GCC_PREPROCESSOR_DEFINITIONS = (
					"DEBUG=1",
					"$(inherited)",
				);
				GCC_WARN_64_TO_32_BIT_CONVERSION = YES;
				GCC_WARN_ABOUT_RETURN_TYPE = YES_ERROR;
				GCC_WARN_UNDECLARED_SELECTOR = YES;
				GCC_WARN_UNINITIALIZED_AUTOS = YES_AGGRESSIVE;
				GCC_WARN_UNUSED_FUNCTION = YES;
				GCC_WARN_UNUSED_VARIABLE = YES;
				IPHONEOS_DEPLOYMENT_TARGET = 10.1;
				MTL_ENABLE_DEBUG_INFO = YES;
				ONLY_ACTIVE_ARCH = YES;
				SDKROOT = iphoneos;
				SWIFT_ACTIVE_COMPILATION_CONDITIONS = DEBUG;
				SWIFT_OPTIMIZATION_LEVEL = "-Onone";
			};
			name = Debug;
		};
		8FCA1A3D1DB1A3AB000DC195 /* Release */ = {
			isa = XCBuildConfiguration;
			buildSettings = {
				ALWAYS_SEARCH_USER_PATHS = NO;
				CLANG_ANALYZER_NONNULL = YES;
				CLANG_CXX_LANGUAGE_STANDARD = "gnu++0x";
				CLANG_CXX_LIBRARY = "libc++";
				CLANG_ENABLE_MODULES = YES;
				CLANG_ENABLE_OBJC_ARC = YES;
				CLANG_WARN_BOOL_CONVERSION = YES;
				CLANG_WARN_CONSTANT_CONVERSION = YES;
				CLANG_WARN_DIRECT_OBJC_ISA_USAGE = YES_ERROR;
				CLANG_WARN_DOCUMENTATION_COMMENTS = YES;
				CLANG_WARN_EMPTY_BODY = YES;
				CLANG_WARN_ENUM_CONVERSION = YES;
				CLANG_WARN_INFINITE_RECURSION = YES;
				CLANG_WARN_INT_CONVERSION = YES;
				CLANG_WARN_OBJC_ROOT_CLASS = YES_ERROR;
				CLANG_WARN_SUSPICIOUS_MOVES = YES;
				CLANG_WARN_UNREACHABLE_CODE = YES;
				CLANG_WARN__DUPLICATE_METHOD_MATCH = YES;
				"CODE_SIGN_IDENTITY[sdk=iphoneos*]" = "iPhone Developer";
				COPY_PHASE_STRIP = NO;
				DEBUG_INFORMATION_FORMAT = "dwarf-with-dsym";
				ENABLE_NS_ASSERTIONS = NO;
				ENABLE_STRICT_OBJC_MSGSEND = YES;
				GCC_C_LANGUAGE_STANDARD = gnu99;
				GCC_NO_COMMON_BLOCKS = YES;
				GCC_WARN_64_TO_32_BIT_CONVERSION = YES;
				GCC_WARN_ABOUT_RETURN_TYPE = YES_ERROR;
				GCC_WARN_UNDECLARED_SELECTOR = YES;
				GCC_WARN_UNINITIALIZED_AUTOS = YES_AGGRESSIVE;
				GCC_WARN_UNUSED_FUNCTION = YES;
				GCC_WARN_UNUSED_VARIABLE = YES;
				IPHONEOS_DEPLOYMENT_TARGET = 10.1;
				MTL_ENABLE_DEBUG_INFO = NO;
				SDKROOT = iphoneos;
				SWIFT_OPTIMIZATION_LEVEL = "-Owholemodule";
				VALIDATE_PRODUCT = YES;
			};
			name = Release;
		};
		8FCA1A3F1DB1A3AB000DC195 /* Debug */ = {
			isa = XCBuildConfiguration;
			baseConfigurationReference = 9757B71E694D00165C6461A5 /* Pods-Giraffe.debug.xcconfig */;
			buildSettings = {
				ASSETCATALOG_COMPILER_APPICON_NAME = AppIcon;
				CLANG_ENABLE_MODULES = YES;
				DEVELOPMENT_TEAM = CHQZVY32S2;
				INFOPLIST_FILE = Giraffe/Info.plist;
				IPHONEOS_DEPLOYMENT_TARGET = 9.0;
				LD_RUNPATH_SEARCH_PATHS = "$(inherited) @executable_path/Frameworks";
				PRODUCT_BUNDLE_IDENTIFIER = "-";
				PRODUCT_NAME = "$(TARGET_NAME)";
				SWIFT_OBJC_BRIDGING_HEADER = "Giraffe-Bridging-Header.h";
				SWIFT_OPTIMIZATION_LEVEL = "-Onone";
				SWIFT_VERSION = 3.0;
			};
			name = Debug;
		};
		8FCA1A401DB1A3AB000DC195 /* Release */ = {
			isa = XCBuildConfiguration;
			baseConfigurationReference = A013546D92992A7789B41577 /* Pods-Giraffe.release.xcconfig */;
			buildSettings = {
				ASSETCATALOG_COMPILER_APPICON_NAME = AppIcon;
				CLANG_ENABLE_MODULES = YES;
				DEVELOPMENT_TEAM = CHQZVY32S2;
				INFOPLIST_FILE = Giraffe/Info.plist;
				IPHONEOS_DEPLOYMENT_TARGET = 9.0;
				LD_RUNPATH_SEARCH_PATHS = "$(inherited) @executable_path/Frameworks";
				PRODUCT_BUNDLE_IDENTIFIER = "-";
				PRODUCT_NAME = "$(TARGET_NAME)";
				SWIFT_OBJC_BRIDGING_HEADER = "Giraffe-Bridging-Header.h";
				SWIFT_VERSION = 3.0;
			};
			name = Release;
		};
/* End XCBuildConfiguration section */

/* Begin XCConfigurationList section */
		8FCA1A271DB1A3AB000DC195 /* Build configuration list for PBXProject "Giraffe" */ = {
			isa = XCConfigurationList;
			buildConfigurations = (
				8FCA1A3C1DB1A3AB000DC195 /* Debug */,
				8FCA1A3D1DB1A3AB000DC195 /* Release */,
			);
			defaultConfigurationIsVisible = 0;
			defaultConfigurationName = Release;
		};
		8FCA1A3E1DB1A3AB000DC195 /* Build configuration list for PBXNativeTarget "Giraffe" */ = {
			isa = XCConfigurationList;
			buildConfigurations = (
				8FCA1A3F1DB1A3AB000DC195 /* Debug */,
				8FCA1A401DB1A3AB000DC195 /* Release */,
			);
			defaultConfigurationIsVisible = 0;
			defaultConfigurationName = Release;
		};
/* End XCConfigurationList section */
	};
	rootObject = 8FCA1A241DB1A3AB000DC195 /* Project object */;
}
